
Microsoft Visual Studio Solution File, Format Version 12.00
# Visual Studio Version 16
VisualStudioVersion = 16.0.29025.244
MinimumVisualStudioVersion = 10.0.40219.1
Project("{FAE04EC0-301F-11D3-BF4B-00C04F79EFBC}") = "PaperProblem2", "PaperProblem2\PaperProblem2.csproj", "{65766455-2632-4658-81A8-4E428846D024}"
EndProject
Global
	GlobalSection(SolutionConfigurationPlatforms) = preSolution
		Debug|Any CPU = Debug|Any CPU
		Release|Any CPU = Release|Any CPU
	EndGlobalSection
	GlobalSection(ProjectConfigurationPlatforms) = postSolution
		{65766455-2632-4658-81A8-4E428846D024}.Debug|Any CPU.ActiveCfg = Debug|Any CPU
		{65766455-2632-4658-81A8-4E428846D024}.Debug|Any CPU.Build.0 = Debug|Any CPU
		{65766455-2632-4658-81A8-4E428846D024}.Release|Any CPU.ActiveCfg = Release|Any CPU
		{65766455-2632-4658-81A8-4E428846D024}.Release|Any CPU.Build.0 = Release|Any CPU
	EndGlobalSection
	GlobalSection(SolutionProperties) = preSolution
		HideSolutionNode = FALSE
	EndGlobalSection
	GlobalSection(ExtensibilityGlobals) = postSolution
		SolutionGuid = {06B7F3D7-441E-4347-A647-835E0B665F3A}
	EndGlobalSection
EndGlobal
